
Microsoft Visual Studio Solution File, Format Version 11.00
# Visual Studio 2010
Project("{FAE04EC0-301F-11D3-BF4B-00C04F79EFBC}") = "com.k3vn.aumobile2-v2.9", "Assembly-CSharp.csproj", "{A03396AA-C57D-F870-CDB9-DC8F3C6E62A2}"
EndProject
Global
	GlobalSection(SolutionConfigurationPlatforms) = preSolution
		Debug|Any CPU = Debug|Any CPU
		Release|Any CPU = Release|Any CPU
	EndGlobalSection
	GlobalSection(ProjectConfigurationPlatforms) = postSolution
		{A03396AA-C57D-F870-CDB9-DC8F3C6E62A2}.Debug|Any CPU.ActiveCfg = Debug|Any CPU
		{A03396AA-C57D-F870-CDB9-DC8F3C6E62A2}.Debug|Any CPU.Build.0 = Debug|Any CPU
		{A03396AA-C57D-F870-CDB9-DC8F3C6E62A2}.Release|Any CPU.ActiveCfg = Release|Any CPU
		{A03396AA-C57D-F870-CDB9-DC8F3C6E62A2}.Release|Any CPU.Build.0 = Release|Any CPU
	EndGlobalSection
	GlobalSection(SolutionProperties) = preSolution
		HideSolutionNode = FALSE
	EndGlobalSection
	GlobalSection(MonoDevelopProperties) = preSolution
		StartupItem = Assembly-CSharp.csproj
	EndGlobalSection
EndGlobal
